// !$*UTF8*$!
{
	archiveVersion = 1;
	classes = {
	};
	objectVersion = 77;
	objects = {

/* Begin PBXBuildFile section */
		209CE852EAB826C05D6C0162 /* Pods_RepTallyTests.framework in Frameworks */ = {isa = PBXBuildFile; fileRef = BF36F934A908A8CD3FF54162 /* Pods_RepTallyTests.framework */; };
		70305BC25C6B44EC2C15AE90 /* Pods_RepTally_RepTallyUITests.framework in Frameworks */ = {isa = PBXBuildFile; fileRef = 8C3E371774E3AABCD8F171D8 /* Pods_RepTally_RepTallyUITests.framework */; };
		A1631044CA1EF920092DC876 /* Pods_RepTally.framework in Frameworks */ = {isa = PBXBuildFile; fileRef = 1D579D98E1FC54B9D0A42358 /* Pods_RepTally.framework */; };
/* End PBXBuildFile section */

/* Begin PBXContainerItemProxy section */
		4641E0E72D301F8C00BA6C5F /* PBXContainerItemProxy */ = {
			isa = PBXContainerItemProxy;
			containerPortal = 4641E0CE2D301F8A00BA6C5F /* Project object */;
			proxyType = 1;
			remoteGlobalIDString = 4641E0D52D301F8A00BA6C5F;
			remoteInfo = RepTally;
		};
		4641E0F12D301F8C00BA6C5F /* PBXContainerItemProxy */ = {
			isa = PBXContainerItemProxy;
			containerPortal = 4641E0CE2D301F8A00BA6C5F /* Project object */;
			proxyType = 1;
			remoteGlobalIDString = 4641E0D52D301F8A00BA6C5F;
			remoteInfo = RepTally;
		};
/* End PBXContainerItemProxy section */

/* Begin PBXFileReference section */
		1D579D98E1FC54B9D0A42358 /* Pods_RepTally.framework */ = {isa = PBXFileReference; explicitFileType = wrapper.framework; includeInIndex = 0; path = Pods_RepTally.framework; sourceTree = BUILT_PRODUCTS_DIR; };
		1E585C672D4118374987458C /* Pods-RepTally-RepTallyUITests.release.xcconfig */ = {isa = PBXFileReference; includeInIndex = 1; lastKnownFileType = text.xcconfig; name = "Pods-RepTally-RepTallyUITests.release.xcconfig"; path = "Target Support Files/Pods-RepTally-RepTallyUITests/Pods-RepTally-RepTallyUITests.release.xcconfig"; sourceTree = "<group>"; };
		265629F9E7E70A887F4B52F9 /* Pods-RepTally.release.xcconfig */ = {isa = PBXFileReference; includeInIndex = 1; lastKnownFileType = text.xcconfig; name = "Pods-RepTally.release.xcconfig"; path = "Target Support Files/Pods-RepTally/Pods-RepTally.release.xcconfig"; sourceTree = "<group>"; };
		4641E0D62D301F8A00BA6C5F /* RepTally.app */ = {isa = PBXFileReference; explicitFileType = wrapper.application; includeInIndex = 0; path = RepTally.app; sourceTree = BUILT_PRODUCTS_DIR; };
		4641E0E62D301F8C00BA6C5F /* RepTallyTests.xctest */ = {isa = PBXFileReference; explicitFileType = wrapper.cfbundle; includeInIndex = 0; path = RepTallyTests.xctest; sourceTree = BUILT_PRODUCTS_DIR; };
		4641E0F02D301F8C00BA6C5F /* RepTallyUITests.xctest */ = {isa = PBXFileReference; explicitFileType = wrapper.cfbundle; includeInIndex = 0; path = RepTallyUITests.xctest; sourceTree = BUILT_PRODUCTS_DIR; };
		465E4F2F2D527D6F0080B8E9 /* MijickPopupView.framework */ = {isa = PBXFileReference; explicitFileType = wrapper.framework; path = MijickPopupView.framework; sourceTree = BUILT_PRODUCTS_DIR; };
		465E4F362D527DB20080B8E9 /* MijickPopupView.framework */ = {isa = PBXFileReference; explicitFileType = wrapper.framework; path = MijickPopupView.framework; sourceTree = BUILT_PRODUCTS_DIR; };
		465E54082D53BF590080B8E9 /* TensorFlowLite.framework */ = {isa = PBXFileReference; explicitFileType = wrapper.framework; path = TensorFlowLite.framework; sourceTree = BUILT_PRODUCTS_DIR; };
		465E540B2D53BF740080B8E9 /* TensorFlowLiteC.xcframework */ = {isa = PBXFileReference; lastKnownFileType = wrapper.xcframework; name = TensorFlowLiteC.xcframework; path = Pods/TensorFlowLiteC/Frameworks/TensorFlowLiteC.xcframework; sourceTree = "<group>"; };
		465E54CD2D53C0630080B8E9 /* MijickPopupView.framework */ = {isa = PBXFileReference; explicitFileType = wrapper.framework; path = MijickPopupView.framework; sourceTree = BUILT_PRODUCTS_DIR; };
		8C3E371774E3AABCD8F171D8 /* Pods_RepTally_RepTallyUITests.framework */ = {isa = PBXFileReference; explicitFileType = wrapper.framework; includeInIndex = 0; path = Pods_RepTally_RepTallyUITests.framework; sourceTree = BUILT_PRODUCTS_DIR; };
		8F3083DFFA28222D0601C763 /* Pods-RepTallyTests.release.xcconfig */ = {isa = PBXFileReference; includeInIndex = 1; lastKnownFileType = text.xcconfig; name = "Pods-RepTallyTests.release.xcconfig"; path = "Target Support Files/Pods-RepTallyTests/Pods-RepTallyTests.release.xcconfig"; sourceTree = "<group>"; };
		BF36F934A908A8CD3FF54162 /* Pods_RepTallyTests.framework */ = {isa = PBXFileReference; explicitFileType = wrapper.framework; includeInIndex = 0; path = Pods_RepTallyTests.framework; sourceTree = BUILT_PRODUCTS_DIR; };
		D8A6E2ACEA1497AA71FEF0E7 /* Pods-RepTally.debug.xcconfig */ = {isa = PBXFileReference; includeInIndex = 1; lastKnownFileType = text.xcconfig; name = "Pods-RepTally.debug.xcconfig"; path = "Target Support Files/Pods-RepTally/Pods-RepTally.debug.xcconfig"; sourceTree = "<group>"; };
		E1B1E7DEB42362AAD7725BEC /* Pods-RepTally-RepTallyUITests.debug.xcconfig */ = {isa = PBXFileReference; includeInIndex = 1; lastKnownFileType = text.xcconfig; name = "Pods-RepTally-RepTallyUITests.debug.xcconfig"; path = "Target Support Files/Pods-RepTally-RepTallyUITests/Pods-RepTally-RepTallyUITests.debug.xcconfig"; sourceTree = "<group>"; };
		EE3FE0205846E0EA346D7D10 /* Pods-RepTallyTests.debug.xcconfig */ = {isa = PBXFileReference; includeInIndex = 1; lastKnownFileType = text.xcconfig; name = "Pods-RepTallyTests.debug.xcconfig"; path = "Target Support Files/Pods-RepTallyTests/Pods-RepTallyTests.debug.xcconfig"; sourceTree = "<group>"; };
/* End PBXFileReference section */

/* Begin PBXFileSystemSynchronizedBuildFileExceptionSet section */
		4641E1192D30206B00BA6C5F /* Exceptions for "RepTally" folder in "RepTally" target */ = {
			isa = PBXFileSystemSynchronizedBuildFileExceptionSet;
			membershipExceptions = (
				Info.plist,
				Tests/RepTallyTests/RepTallyTests.swift,
				Tests/RepTallyUITests/RepTallyUITests.swift,
				Tests/RepTallyUITests/RepTallyUITestsLaunchTests.swift,
			);
			target = 4641E0D52D301F8A00BA6C5F /* RepTally */;
		};
		4641E11A2D30206B00BA6C5F /* Exceptions for "RepTally" folder in "RepTallyTests" target */ = {
			isa = PBXFileSystemSynchronizedBuildFileExceptionSet;
			membershipExceptions = (
				Tests/RepTallyTests/RepTallyTests.swift,
			);
			target = 4641E0E52D301F8C00BA6C5F /* RepTallyTests */;
		};
		4641E11B2D30206B00BA6C5F /* Exceptions for "RepTally" folder in "RepTallyUITests" target */ = {
			isa = PBXFileSystemSynchronizedBuildFileExceptionSet;
			membershipExceptions = (
				Tests/RepTallyUITests/RepTallyUITests.swift,
				Tests/RepTallyUITests/RepTallyUITestsLaunchTests.swift,
			);
			target = 4641E0EF2D301F8C00BA6C5F /* RepTallyUITests */;
		};
/* End PBXFileSystemSynchronizedBuildFileExceptionSet section */

/* Begin PBXFileSystemSynchronizedRootGroup section */
		4641E0D82D301F8A00BA6C5F /* RepTally */ = {
			isa = PBXFileSystemSynchronizedRootGroup;
			exceptions = (
				4641E1192D30206B00BA6C5F /* Exceptions for "RepTally" folder in "RepTally" target */,
				4641E11A2D30206B00BA6C5F /* Exceptions for "RepTally" folder in "RepTallyTests" target */,
				4641E11B2D30206B00BA6C5F /* Exceptions for "RepTally" folder in "RepTallyUITests" target */,
			);
			path = RepTally;
			sourceTree = "<group>";
		};
/* End PBXFileSystemSynchronizedRootGroup section */

/* Begin PBXFrameworksBuildPhase section */
		4641E0D32D301F8A00BA6C5F /* Frameworks */ = {
			isa = PBXFrameworksBuildPhase;
			buildActionMask = 2147483647;
			files = (
				A1631044CA1EF920092DC876 /* Pods_RepTally.framework in Frameworks */,
			);
			runOnlyForDeploymentPostprocessing = 0;
		};
		4641E0E32D301F8C00BA6C5F /* Frameworks */ = {
			isa = PBXFrameworksBuildPhase;
			buildActionMask = 2147483647;
			files = (
				209CE852EAB826C05D6C0162 /* Pods_RepTallyTests.framework in Frameworks */,
			);
			runOnlyForDeploymentPostprocessing = 0;
		};
		4641E0ED2D301F8C00BA6C5F /* Frameworks */ = {
			isa = PBXFrameworksBuildPhase;
			buildActionMask = 2147483647;
			files = (
				70305BC25C6B44EC2C15AE90 /* Pods_RepTally_RepTallyUITests.framework in Frameworks */,
			);
			runOnlyForDeploymentPostprocessing = 0;
		};
/* End PBXFrameworksBuildPhase section */

/* Begin PBXGroup section */
		20D0B7C05469CF19BA3B97D1 /* Pods */ = {
			isa = PBXGroup;
			children = (
				D8A6E2ACEA1497AA71FEF0E7 /* Pods-RepTally.debug.xcconfig */,
				265629F9E7E70A887F4B52F9 /* Pods-RepTally.release.xcconfig */,
				E1B1E7DEB42362AAD7725BEC /* Pods-RepTally-RepTallyUITests.debug.xcconfig */,
				1E585C672D4118374987458C /* Pods-RepTally-RepTallyUITests.release.xcconfig */,
				EE3FE0205846E0EA346D7D10 /* Pods-RepTallyTests.debug.xcconfig */,
				8F3083DFFA28222D0601C763 /* Pods-RepTallyTests.release.xcconfig */,
			);
			path = Pods;
			sourceTree = "<group>";
		};
		4641E0CD2D301F8A00BA6C5F = {
			isa = PBXGroup;
			children = (
				4641E0D82D301F8A00BA6C5F /* RepTally */,
				4641E0D72D301F8A00BA6C5F /* Products */,
				20D0B7C05469CF19BA3B97D1 /* Pods */,
				70AB2EDDCBF0CF7AE0E15911 /* Frameworks */,
			);
			sourceTree = "<group>";
		};
		4641E0D72D301F8A00BA6C5F /* Products */ = {
			isa = PBXGroup;
			children = (
				4641E0D62D301F8A00BA6C5F /* RepTally.app */,
				4641E0E62D301F8C00BA6C5F /* RepTallyTests.xctest */,
				4641E0F02D301F8C00BA6C5F /* RepTallyUITests.xctest */,
			);
			name = Products;
			sourceTree = "<group>";
		};
		70AB2EDDCBF0CF7AE0E15911 /* Frameworks */ = {
			isa = PBXGroup;
			children = (
				465E54CD2D53C0630080B8E9 /* MijickPopupView.framework */,
				465E540B2D53BF740080B8E9 /* TensorFlowLiteC.xcframework */,
				465E54082D53BF590080B8E9 /* TensorFlowLite.framework */,
				465E4F362D527DB20080B8E9 /* MijickPopupView.framework */,
				465E4F2F2D527D6F0080B8E9 /* MijickPopupView.framework */,
				1D579D98E1FC54B9D0A42358 /* Pods_RepTally.framework */,
				8C3E371774E3AABCD8F171D8 /* Pods_RepTally_RepTallyUITests.framework */,
				BF36F934A908A8CD3FF54162 /* Pods_RepTallyTests.framework */,
			);
			name = Frameworks;
			sourceTree = "<group>";
		};
/* End PBXGroup section */

/* Begin PBXNativeTarget section */
		4641E0D52D301F8A00BA6C5F /* RepTally */ = {
			isa = PBXNativeTarget;
			buildConfigurationList = 4641E0FA2D301F8C00BA6C5F /* Build configuration list for PBXNativeTarget "RepTally" */;
			buildPhases = (
				F797F6EC3983C90AC8B8160B /* [CP] Check Pods Manifest.lock */,
				4641E0D22D301F8A00BA6C5F /* Sources */,
				4641E0D32D301F8A00BA6C5F /* Frameworks */,
				4641E0D42D301F8A00BA6C5F /* Resources */,
			);
			buildRules = (
			);
			dependencies = (
			);
			fileSystemSynchronizedGroups = (
				4641E0D82D301F8A00BA6C5F /* RepTally */,
			);
			name = RepTally;
			productName = RepTally;
			productReference = 4641E0D62D301F8A00BA6C5F /* RepTally.app */;
			productType = "com.apple.product-type.application";
		};
		4641E0E52D301F8C00BA6C5F /* RepTallyTests */ = {
			isa = PBXNativeTarget;
			buildConfigurationList = 4641E0FD2D301F8C00BA6C5F /* Build configuration list for PBXNativeTarget "RepTallyTests" */;
			buildPhases = (
				28471C9D8E47B4CD2C2EA803 /* [CP] Check Pods Manifest.lock */,
				4641E0E22D301F8C00BA6C5F /* Sources */,
				4641E0E32D301F8C00BA6C5F /* Frameworks */,
				4641E0E42D301F8C00BA6C5F /* Resources */,
			);
			buildRules = (
			);
			dependencies = (
				4641E0E82D301F8C00BA6C5F /* PBXTargetDependency */,
			);
			name = RepTallyTests;
			productName = RepTallyTests;
			productReference = 4641E0E62D301F8C00BA6C5F /* RepTallyTests.xctest */;
			productType = "com.apple.product-type.bundle.unit-test";
		};
		4641E0EF2D301F8C00BA6C5F /* RepTallyUITests */ = {
			isa = PBXNativeTarget;
			buildConfigurationList = 4641E1002D301F8C00BA6C5F /* Build configuration list for PBXNativeTarget "RepTallyUITests" */;
			buildPhases = (
				1494EC31F0BB9F072DF0B780 /* [CP] Check Pods Manifest.lock */,
				4641E0EC2D301F8C00BA6C5F /* Sources */,
				4641E0ED2D301F8C00BA6C5F /* Frameworks */,
				4641E0EE2D301F8C00BA6C5F /* Resources */,
			);
			buildRules = (
			);
			dependencies = (
				4641E0F22D301F8C00BA6C5F /* PBXTargetDependency */,
			);
			name = RepTallyUITests;
			productName = RepTallyUITests;
			productReference = 4641E0F02D301F8C00BA6C5F /* RepTallyUITests.xctest */;
			productType = "com.apple.product-type.bundle.ui-testing";
		};
/* End PBXNativeTarget section */

/* Begin PBXProject section */
		4641E0CE2D301F8A00BA6C5F /* Project object */ = {
			isa = PBXProject;
			attributes = {
				BuildIndependentTargetsInParallel = 1;
				LastSwiftUpdateCheck = 1610;
				LastUpgradeCheck = 1610;
				TargetAttributes = {
					4641E0D52D301F8A00BA6C5F = {
						CreatedOnToolsVersion = 16.1;
					};
					4641E0E52D301F8C00BA6C5F = {
						CreatedOnToolsVersion = 16.1;
						TestTargetID = 4641E0D52D301F8A00BA6C5F;
					};
					4641E0EF2D301F8C00BA6C5F = {
						CreatedOnToolsVersion = 16.1;
						TestTargetID = 4641E0D52D301F8A00BA6C5F;
					};
				};
			};
			buildConfigurationList = 4641E0D12D301F8A00BA6C5F /* Build configuration list for PBXProject "RepTally" */;
			developmentRegion = en;
			hasScannedForEncodings = 0;
			knownRegions = (
				en,
				Base,
			);
			mainGroup = 4641E0CD2D301F8A00BA6C5F;
			minimizedProjectReferenceProxies = 1;
			preferredProjectObjectVersion = 77;
			productRefGroup = 4641E0D72D301F8A00BA6C5F /* Products */;
			projectDirPath = "";
			projectRoot = "";
			targets = (
				4641E0D52D301F8A00BA6C5F /* RepTally */,
				4641E0E52D301F8C00BA6C5F /* RepTallyTests */,
				4641E0EF2D301F8C00BA6C5F /* RepTallyUITests */,
			);
		};
/* End PBXProject section */

/* Begin PBXResourcesBuildPhase section */
		4641E0D42D301F8A00BA6C5F /* Resources */ = {
			isa = PBXResourcesBuildPhase;
			buildActionMask = 2147483647;
			files = (
			);
			runOnlyForDeploymentPostprocessing = 0;
		};
		4641E0E42D301F8C00BA6C5F /* Resources */ = {
			isa = PBXResourcesBuildPhase;
			buildActionMask = 2147483647;
			files = (
			);
			runOnlyForDeploymentPostprocessing = 0;
		};
		4641E0EE2D301F8C00BA6C5F /* Resources */ = {
			isa = PBXResourcesBuildPhase;
			buildActionMask = 2147483647;
			files = (
			);
			runOnlyForDeploymentPostprocessing = 0;
		};
/* End PBXResourcesBuildPhase section */

/* Begin PBXShellScriptBuildPhase section */
		1494EC31F0BB9F072DF0B780 /* [CP] Check Pods Manifest.lock */ = {
			isa = PBXShellScriptBuildPhase;
			buildActionMask = 2147483647;
			files = (
			);
			inputFileListPaths = (
			);
			inputPaths = (
				"${PODS_PODFILE_DIR_PATH}/Podfile.lock",
				"${PODS_ROOT}/Manifest.lock",
			);
			name = "[CP] Check Pods Manifest.lock";
			outputFileListPaths = (
			);
			outputPaths = (
				"$(DERIVED_FILE_DIR)/Pods-RepTally-RepTallyUITests-checkManifestLockResult.txt",
			);
			runOnlyForDeploymentPostprocessing = 0;
			shellPath = /bin/sh;
			shellScript = "diff \"${PODS_PODFILE_DIR_PATH}/Podfile.lock\" \"${PODS_ROOT}/Manifest.lock\" > /dev/null\nif [ $? != 0 ] ; then\n    # print error to STDERR\n    echo \"error: The sandbox is not in sync with the Podfile.lock. Run 'pod install' or update your CocoaPods installation.\" >&2\n    exit 1\nfi\n# This output is used by Xcode 'outputs' to avoid re-running this script phase.\necho \"SUCCESS\" > \"${SCRIPT_OUTPUT_FILE_0}\"\n";
			showEnvVarsInLog = 0;
		};
		28471C9D8E47B4CD2C2EA803 /* [CP] Check Pods Manifest.lock */ = {
			isa = PBXShellScriptBuildPhase;
			buildActionMask = 2147483647;
			files = (
			);
			inputFileListPaths = (
			);
			inputPaths = (
				"${PODS_PODFILE_DIR_PATH}/Podfile.lock",
				"${PODS_ROOT}/Manifest.lock",
			);
			name = "[CP] Check Pods Manifest.lock";
			outputFileListPaths = (
			);
			outputPaths = (
				"$(DERIVED_FILE_DIR)/Pods-RepTallyTests-checkManifestLockResult.txt",
			);
			runOnlyForDeploymentPostprocessing = 0;
			shellPath = /bin/sh;
			shellScript = "diff \"${PODS_PODFILE_DIR_PATH}/Podfile.lock\" \"${PODS_ROOT}/Manifest.lock\" > /dev/null\nif [ $? != 0 ] ; then\n    # print error to STDERR\n    echo \"error: The sandbox is not in sync with the Podfile.lock. Run 'pod install' or update your CocoaPods installation.\" >&2\n    exit 1\nfi\n# This output is used by Xcode 'outputs' to avoid re-running this script phase.\necho \"SUCCESS\" > \"${SCRIPT_OUTPUT_FILE_0}\"\n";
			showEnvVarsInLog = 0;
		};
		F797F6EC3983C90AC8B8160B /* [CP] Check Pods Manifest.lock */ = {
			isa = PBXShellScriptBuildPhase;
			buildActionMask = 2147483647;
			files = (
			);
			inputFileListPaths = (
			);
			inputPaths = (
				"${PODS_PODFILE_DIR_PATH}/Podfile.lock",
				"${PODS_ROOT}/Manifest.lock",
			);
			name = "[CP] Check Pods Manifest.lock";
			outputFileListPaths = (
			);
			outputPaths = (
				"$(DERIVED_FILE_DIR)/Pods-RepTally-checkManifestLockResult.txt",
			);
			runOnlyForDeploymentPostprocessing = 0;
			shellPath = /bin/sh;
			shellScript = "diff \"${PODS_PODFILE_DIR_PATH}/Podfile.lock\" \"${PODS_ROOT}/Manifest.lock\" > /dev/null\nif [ $? != 0 ] ; then\n    # print error to STDERR\n    echo \"error: The sandbox is not in sync with the Podfile.lock. Run 'pod install' or update your CocoaPods installation.\" >&2\n    exit 1\nfi\n# This output is used by Xcode 'outputs' to avoid re-running this script phase.\necho \"SUCCESS\" > \"${SCRIPT_OUTPUT_FILE_0}\"\n";
			showEnvVarsInLog = 0;
		};
/* End PBXShellScriptBuildPhase section */

/* Begin PBXSourcesBuildPhase section */
		4641E0D22D301F8A00BA6C5F /* Sources */ = {
			isa = PBXSourcesBuildPhase;
			buildActionMask = 2147483647;
			files = (
			);
			runOnlyForDeploymentPostprocessing = 0;
		};
		4641E0E22D301F8C00BA6C5F /* Sources */ = {
			isa = PBXSourcesBuildPhase;
			buildActionMask = 2147483647;
			files = (
			);
			runOnlyForDeploymentPostprocessing = 0;
		};
		4641E0EC2D301F8C00BA6C5F /* Sources */ = {
			isa = PBXSourcesBuildPhase;
			buildActionMask = 2147483647;
			files = (
			);
			runOnlyForDeploymentPostprocessing = 0;
		};
/* End PBXSourcesBuildPhase section */

/* Begin PBXTargetDependency section */
		4641E0E82D301F8C00BA6C5F /* PBXTargetDependency */ = {
			isa = PBXTargetDependency;
			target = 4641E0D52D301F8A00BA6C5F /* RepTally */;
			targetProxy = 4641E0E72D301F8C00BA6C5F /* PBXContainerItemProxy */;
		};
		4641E0F22D301F8C00BA6C5F /* PBXTargetDependency */ = {
			isa = PBXTargetDependency;
			target = 4641E0D52D301F8A00BA6C5F /* RepTally */;
			targetProxy = 4641E0F12D301F8C00BA6C5F /* PBXContainerItemProxy */;
		};
/* End PBXTargetDependency section */

/* Begin XCBuildConfiguration section */
		4641E0F82D301F8C00BA6C5F /* Debug */ = {
			isa = XCBuildConfiguration;
			buildSettings = {
				ALWAYS_SEARCH_USER_PATHS = NO;
				ASSETCATALOG_COMPILER_GENERATE_SWIFT_ASSET_SYMBOL_EXTENSIONS = YES;
				CLANG_ANALYZER_NONNULL = YES;
				CLANG_ANALYZER_NUMBER_OBJECT_CONVERSION = YES_AGGRESSIVE;
				CLANG_CXX_LANGUAGE_STANDARD = "gnu++20";
				CLANG_ENABLE_MODULES = YES;
				CLANG_ENABLE_OBJC_ARC = YES;
				CLANG_ENABLE_OBJC_WEAK = YES;
				CLANG_WARN_BLOCK_CAPTURE_AUTORELEASING = YES;
				CLANG_WARN_BOOL_CONVERSION = YES;
				CLANG_WARN_COMMA = YES;
				CLANG_WARN_CONSTANT_CONVERSION = YES;
				CLANG_WARN_DEPRECATED_OBJC_IMPLEMENTATIONS = YES;
				CLANG_WARN_DIRECT_OBJC_ISA_USAGE = YES_ERROR;
				CLANG_WARN_DOCUMENTATION_COMMENTS = YES;
				CLANG_WARN_EMPTY_BODY = YES;
				CLANG_WARN_ENUM_CONVERSION = YES;
				CLANG_WARN_INFINITE_RECURSION = YES;
				CLANG_WARN_INT_CONVERSION = YES;
				CLANG_WARN_NON_LITERAL_NULL_CONVERSION = YES;
				CLANG_WARN_OBJC_IMPLICIT_RETAIN_SELF = YES;
				CLANG_WARN_OBJC_LITERAL_CONVERSION = YES;
				CLANG_WARN_OBJC_ROOT_CLASS = YES_ERROR;
				CLANG_WARN_QUOTED_INCLUDE_IN_FRAMEWORK_HEADER = YES;
				CLANG_WARN_RANGE_LOOP_ANALYSIS = YES;
				CLANG_WARN_STRICT_PROTOTYPES = YES;
				CLANG_WARN_SUSPICIOUS_MOVE = YES;
				CLANG_WARN_UNGUARDED_AVAILABILITY = YES_AGGRESSIVE;
				CLANG_WARN_UNREACHABLE_CODE = YES;
				CLANG_WARN__DUPLICATE_METHOD_MATCH = YES;
				COPY_PHASE_STRIP = NO;
				DEBUG_INFORMATION_FORMAT = dwarf;
				ENABLE_STRICT_OBJC_MSGSEND = YES;
				ENABLE_TESTABILITY = YES;
				ENABLE_USER_SCRIPT_SANDBOXING = YES;
				GCC_C_LANGUAGE_STANDARD = gnu17;
				GCC_DYNAMIC_NO_PIC = NO;
				GCC_NO_COMMON_BLOCKS = YES;
				GCC_OPTIMIZATION_LEVEL = 0;
				GCC_PREPROCESSOR_DEFINITIONS = (
					"DEBUG=1",
					"$(inherited)",
				);
				GCC_WARN_64_TO_32_BIT_CONVERSION = YES;
				GCC_WARN_ABOUT_RETURN_TYPE = YES_ERROR;
				GCC_WARN_UNDECLARED_SELECTOR = YES;
				GCC_WARN_UNINITIALIZED_AUTOS = YES_AGGRESSIVE;
				GCC_WARN_UNUSED_FUNCTION = YES;
				GCC_WARN_UNUSED_VARIABLE = YES;
				IPHONEOS_DEPLOYMENT_TARGET = 18.1;
				LOCALIZATION_PREFERS_STRING_CATALOGS = YES;
				MTL_ENABLE_DEBUG_INFO = INCLUDE_SOURCE;
				MTL_FAST_MATH = YES;
				ONLY_ACTIVE_ARCH = YES;
				SDKROOT = iphoneos;
				SWIFT_ACTIVE_COMPILATION_CONDITIONS = "DEBUG $(inherited)";
				SWIFT_OPTIMIZATION_LEVEL = "-Onone";
			};
			name = Debug;
		};
		4641E0F92D301F8C00BA6C5F /* Release */ = {
			isa = XCBuildConfiguration;
			buildSettings = {
				ALWAYS_SEARCH_USER_PATHS = NO;
				ASSETCATALOG_COMPILER_GENERATE_SWIFT_ASSET_SYMBOL_EXTENSIONS = YES;
				CLANG_ANALYZER_NONNULL = YES;
				CLANG_ANALYZER_NUMBER_OBJECT_CONVERSION = YES_AGGRESSIVE;
				CLANG_CXX_LANGUAGE_STANDARD = "gnu++20";
				CLANG_ENABLE_MODULES = YES;
				CLANG_ENABLE_OBJC_ARC = YES;
				CLANG_ENABLE_OBJC_WEAK = YES;
				CLANG_WARN_BLOCK_CAPTURE_AUTORELEASING = YES;
				CLANG_WARN_BOOL_CONVERSION = YES;
				CLANG_WARN_COMMA = YES;
				CLANG_WARN_CONSTANT_CONVERSION = YES;
				CLANG_WARN_DEPRECATED_OBJC_IMPLEMENTATIONS = YES;
				CLANG_WARN_DIRECT_OBJC_ISA_USAGE = YES_ERROR;
				CLANG_WARN_DOCUMENTATION_COMMENTS = YES;
				CLANG_WARN_EMPTY_BODY = YES;
				CLANG_WARN_ENUM_CONVERSION = YES;
				CLANG_WARN_INFINITE_RECURSION = YES;
				CLANG_WARN_INT_CONVERSION = YES;
				CLANG_WARN_NON_LITERAL_NULL_CONVERSION = YES;
				CLANG_WARN_OBJC_IMPLICIT_RETAIN_SELF = YES;
				CLANG_WARN_OBJC_LITERAL_CONVERSION = YES;
				CLANG_WARN_OBJC_ROOT_CLASS = YES_ERROR;
				CLANG_WARN_QUOTED_INCLUDE_IN_FRAMEWORK_HEADER = YES;
				CLANG_WARN_RANGE_LOOP_ANALYSIS = YES;
				CLANG_WARN_STRICT_PROTOTYPES = YES;
				CLANG_WARN_SUSPICIOUS_MOVE = YES;
				CLANG_WARN_UNGUARDED_AVAILABILITY = YES_AGGRESSIVE;
				CLANG_WARN_UNREACHABLE_CODE = YES;
				CLANG_WARN__DUPLICATE_METHOD_MATCH = YES;
				COPY_PHASE_STRIP = NO;
				DEBUG_INFORMATION_FORMAT = "dwarf-with-dsym";
				ENABLE_NS_ASSERTIONS = NO;
				ENABLE_STRICT_OBJC_MSGSEND = YES;
				ENABLE_USER_SCRIPT_SANDBOXING = YES;
				GCC_C_LANGUAGE_STANDARD = gnu17;
				GCC_NO_COMMON_BLOCKS = YES;
				GCC_WARN_64_TO_32_BIT_CONVERSION = YES;
				GCC_WARN_ABOUT_RETURN_TYPE = YES_ERROR;
				GCC_WARN_UNDECLARED_SELECTOR = YES;
				GCC_WARN_UNINITIALIZED_AUTOS = YES_AGGRESSIVE;
				GCC_WARN_UNUSED_FUNCTION = YES;
				GCC_WARN_UNUSED_VARIABLE = YES;
				IPHONEOS_DEPLOYMENT_TARGET = 18.1;
				LOCALIZATION_PREFERS_STRING_CATALOGS = YES;
				MTL_ENABLE_DEBUG_INFO = NO;
				MTL_FAST_MATH = YES;
				SDKROOT = iphoneos;
				SWIFT_COMPILATION_MODE = wholemodule;
				VALIDATE_PRODUCT = YES;
			};
			name = Release;
		};
		4641E0FB2D301F8C00BA6C5F /* Debug */ = {
			isa = XCBuildConfiguration;
			baseConfigurationReference = D8A6E2ACEA1497AA71FEF0E7 /* Pods-RepTally.debug.xcconfig */;
			buildSettings = {
				ASSETCATALOG_COMPILER_APPICON_NAME = AppIcon;
				ASSETCATALOG_COMPILER_GLOBAL_ACCENT_COLOR_NAME = AccentColor;
				CODE_SIGN_STYLE = Automatic;
				CURRENT_PROJECT_VERSION = 1;
				DEVELOPMENT_ASSET_PATHS = "\"RepTally/Resources/Preview Content\"";
				DEVELOPMENT_TEAM = 6H4Q27BHWW;
				ENABLE_PREVIEWS = YES;
				GENERATE_INFOPLIST_FILE = YES;
				INFOPLIST_FILE = RepTally/Info.plist;
				INFOPLIST_KEY_NSCameraUsageDescription = "The app uses the live camera feed to detect your body, cannot use without!";
				INFOPLIST_KEY_UIApplicationSceneManifest_Generation = YES;
				INFOPLIST_KEY_UIApplicationSupportsIndirectInputEvents = YES;
				INFOPLIST_KEY_UILaunchScreen_Generation = YES;
				INFOPLIST_KEY_UISupportedInterfaceOrientations_iPad = "UIInterfaceOrientationPortrait UIInterfaceOrientationPortraitUpsideDown UIInterfaceOrientationLandscapeLeft UIInterfaceOrientationLandscapeRight";
				INFOPLIST_KEY_UISupportedInterfaceOrientations_iPhone = "UIInterfaceOrientationPortrait UIInterfaceOrientationLandscapeLeft UIInterfaceOrientationLandscapeRight";
				IPHONEOS_DEPLOYMENT_TARGET = 17.6;
				LD_RUNPATH_SEARCH_PATHS = (
					"$(inherited)",
					"@executable_path/Frameworks",
				);
				MARKETING_VERSION = 1.0;
				PRODUCT_BUNDLE_IDENTIFIER = uk.ac.chester.RepTally;
				PRODUCT_NAME = "$(TARGET_NAME)";
				SWIFT_EMIT_LOC_STRINGS = YES;
				SWIFT_VERSION = 5.0;
				TARGETED_DEVICE_FAMILY = "1,2";
			};
			name = Debug;
		};
		4641E0FC2D301F8C00BA6C5F /* Release */ = {
			isa = XCBuildConfiguration;
			baseConfigurationReference = 265629F9E7E70A887F4B52F9 /* Pods-RepTally.release.xcconfig */;
			buildSettings = {
				ASSETCATALOG_COMPILER_APPICON_NAME = AppIcon;
				ASSETCATALOG_COMPILER_GLOBAL_ACCENT_COLOR_NAME = AccentColor;
				CODE_SIGN_STYLE = Automatic;
				CURRENT_PROJECT_VERSION = 1;
				DEVELOPMENT_ASSET_PATHS = "\"RepTally/Resources/Preview Content\"";
				DEVELOPMENT_TEAM = 6H4Q27BHWW;
				ENABLE_PREVIEWS = YES;
				GENERATE_INFOPLIST_FILE = YES;
				INFOPLIST_FILE = RepTally/Info.plist;
				INFOPLIST_KEY_NSCameraUsageDescription = "The app uses the live camera feed to detect your body, cannot use without!";
				INFOPLIST_KEY_UIApplicationSceneManifest_Generation = YES;
				INFOPLIST_KEY_UIApplicationSupportsIndirectInputEvents = YES;
				INFOPLIST_KEY_UILaunchScreen_Generation = YES;
				INFOPLIST_KEY_UISupportedInterfaceOrientations_iPad = "UIInterfaceOrientationPortrait UIInterfaceOrientationPortraitUpsideDown UIInterfaceOrientationLandscapeLeft UIInterfaceOrientationLandscapeRight";
				INFOPLIST_KEY_UISupportedInterfaceOrientations_iPhone = "UIInterfaceOrientationPortrait UIInterfaceOrientationLandscapeLeft UIInterfaceOrientationLandscapeRight";
				IPHONEOS_DEPLOYMENT_TARGET = 17.6;
				LD_RUNPATH_SEARCH_PATHS = (
					"$(inherited)",
					"@executable_path/Frameworks",
				);
				MARKETING_VERSION = 1.0;
				PRODUCT_BUNDLE_IDENTIFIER = uk.ac.chester.RepTally;
				PRODUCT_NAME = "$(TARGET_NAME)";
				SWIFT_EMIT_LOC_STRINGS = YES;
				SWIFT_VERSION = 5.0;
				TARGETED_DEVICE_FAMILY = "1,2";
			};
			name = Release;
		};
		4641E0FE2D301F8C00BA6C5F /* Debug */ = {
			isa = XCBuildConfiguration;
			baseConfigurationReference = EE3FE0205846E0EA346D7D10 /* Pods-RepTallyTests.debug.xcconfig */;
			buildSettings = {
				BUNDLE_LOADER = "$(TEST_HOST)";
				CODE_SIGN_STYLE = Automatic;
				CURRENT_PROJECT_VERSION = 1;
				DEVELOPMENT_TEAM = 6H4Q27BHWW;
				GENERATE_INFOPLIST_FILE = YES;
				IPHONEOS_DEPLOYMENT_TARGET = 18.1;
				MARKETING_VERSION = 1.0;
				PRODUCT_BUNDLE_IDENTIFIER = uk.ac.chester.RepTallyTests;
				PRODUCT_NAME = "$(TARGET_NAME)";
				SWIFT_EMIT_LOC_STRINGS = NO;
				SWIFT_VERSION = 5.0;
				TARGETED_DEVICE_FAMILY = "1,2";
				TEST_HOST = "$(BUILT_PRODUCTS_DIR)/RepTally.app/$(BUNDLE_EXECUTABLE_FOLDER_PATH)/RepTally";
			};
			name = Debug;
		};
		4641E0FF2D301F8C00BA6C5F /* Release */ = {
			isa = XCBuildConfiguration;
			baseConfigurationReference = 8F3083DFFA28222D0601C763 /* Pods-RepTallyTests.release.xcconfig */;
			buildSettings = {
				BUNDLE_LOADER = "$(TEST_HOST)";
				CODE_SIGN_STYLE = Automatic;
				CURRENT_PROJECT_VERSION = 1;
				DEVELOPMENT_TEAM = 6H4Q27BHWW;
				GENERATE_INFOPLIST_FILE = YES;
				IPHONEOS_DEPLOYMENT_TARGET = 18.1;
				MARKETING_VERSION = 1.0;
				PRODUCT_BUNDLE_IDENTIFIER = uk.ac.chester.RepTallyTests;
				PRODUCT_NAME = "$(TARGET_NAME)";
				SWIFT_EMIT_LOC_STRINGS = NO;
				SWIFT_VERSION = 5.0;
				TARGETED_DEVICE_FAMILY = "1,2";
				TEST_HOST = "$(BUILT_PRODUCTS_DIR)/RepTally.app/$(BUNDLE_EXECUTABLE_FOLDER_PATH)/RepTally";
			};
			name = Release;
		};
		4641E1012D301F8C00BA6C5F /* Debug */ = {
			isa = XCBuildConfiguration;
			baseConfigurationReference = E1B1E7DEB42362AAD7725BEC /* Pods-RepTally-RepTallyUITests.debug.xcconfig */;
			buildSettings = {
				CODE_SIGN_STYLE = Automatic;
				CURRENT_PROJECT_VERSION = 1;
				DEVELOPMENT_TEAM = 6H4Q27BHWW;
				GENERATE_INFOPLIST_FILE = YES;
				MARKETING_VERSION = 1.0;
				PRODUCT_BUNDLE_IDENTIFIER = uk.ac.chester.RepTallyUITests;
				PRODUCT_NAME = "$(TARGET_NAME)";
				SWIFT_EMIT_LOC_STRINGS = NO;
				SWIFT_VERSION = 5.0;
				TARGETED_DEVICE_FAMILY = "1,2";
				TEST_TARGET_NAME = RepTally;
			};
			name = Debug;
		};
		4641E1022D301F8C00BA6C5F /* Release */ = {
			isa = XCBuildConfiguration;
			baseConfigurationReference = 1E585C672D4118374987458C /* Pods-RepTally-RepTallyUITests.release.xcconfig */;
			buildSettings = {
				CODE_SIGN_STYLE = Automatic;
				CURRENT_PROJECT_VERSION = 1;
				DEVELOPMENT_TEAM = 6H4Q27BHWW;
				GENERATE_INFOPLIST_FILE = YES;
				MARKETING_VERSION = 1.0;
				PRODUCT_BUNDLE_IDENTIFIER = uk.ac.chester.RepTallyUITests;
				PRODUCT_NAME = "$(TARGET_NAME)";
				SWIFT_EMIT_LOC_STRINGS = NO;
				SWIFT_VERSION = 5.0;
				TARGETED_DEVICE_FAMILY = "1,2";
				TEST_TARGET_NAME = RepTally;
			};
			name = Release;
		};
/* End XCBuildConfiguration section */

/* Begin XCConfigurationList section */
		4641E0D12D301F8A00BA6C5F /* Build configuration list for PBXProject "RepTally" */ = {
			isa = XCConfigurationList;
			buildConfigurations = (
				4641E0F82D301F8C00BA6C5F /* Debug */,
				4641E0F92D301F8C00BA6C5F /* Release */,
			);
			defaultConfigurationIsVisible = 0;
			defaultConfigurationName = Release;
		};
		4641E0FA2D301F8C00BA6C5F /* Build configuration list for PBXNativeTarget "RepTally" */ = {
			isa = XCConfigurationList;
			buildConfigurations = (
				4641E0FB2D301F8C00BA6C5F /* Debug */,
				4641E0FC2D301F8C00BA6C5F /* Release */,
			);
			defaultConfigurationIsVisible = 0;
			defaultConfigurationName = Release;
		};
		4641E0FD2D301F8C00BA6C5F /* Build configuration list for PBXNativeTarget "RepTallyTests" */ = {
			isa = XCConfigurationList;
			buildConfigurations = (
				4641E0FE2D301F8C00BA6C5F /* Debug */,
				4641E0FF2D301F8C00BA6C5F /* Release */,
			);
			defaultConfigurationIsVisible = 0;
			defaultConfigurationName = Release;
		};
		4641E1002D301F8C00BA6C5F /* Build configuration list for PBXNativeTarget "RepTallyUITests" */ = {
			isa = XCConfigurationList;
			buildConfigurations = (
				4641E1012D301F8C00BA6C5F /* Debug */,
				4641E1022D301F8C00BA6C5F /* Release */,
			);
			defaultConfigurationIsVisible = 0;
			defaultConfigurationName = Release;
		};
/* End XCConfigurationList section */
	};
	rootObject = 4641E0CE2D301F8A00BA6C5F /* Project object */;
}
